PODS:
  - Flutter (1.0.0)
  - flutter_color_avatar (0.0.1):
    - Flutter

DEPENDENCIES:
  - Flutter (from `.symlinks/flutter/ios`)
  - flutter_color_avatar (from `.symlinks/plugins/flutter_color_avatar/ios`)

EXTERNAL SOURCES:
  Flutter:
    :path: ".symlinks/flutter/ios"
  flutter_color_avatar:
    :path: ".symlinks/plugins/flutter_color_avatar/ios"

SPEC CHECKSUMS:
  Flutter: 9d0fac939486c9aba2809b7982dfdbb47a7b0296
  flutter_color_avatar: 2508ebafc3a476835a3a51a1701a091227a44838

PODFILE CHECKSUM: ebd43b443038e611b86ede96e613bd6033c49497

COCOAPODS: 1.5.3
